
Microsoft Visual Studio Solution File, Format Version 12.00
# Visual Studio Version 17
VisualStudioVersion = 17.7.34031.279
MinimumVisualStudioVersion = 10.0.40219.1
Project("{8BC9CEB8-8B4A-11D0-8D11-00A0C91BC942}") = "Project10", "Project10\Project10.vcxproj", "{DA4784A4-3005-4943-8B99-D9BF0DA527E2}"
EndProject
Project("{8BC9CEB8-8B4A-11D0-8D11-00A0C91BC942}") = "consoleProject", "consoleProject\consoleProject.vcxproj", "{243EA4B2-7B71-456D-99B7-DF53FC2E16C3}"
	ProjectSection(ProjectDependencies) = postProject
		{DA4784A4-3005-4943-8B99-D9BF0DA527E2} = {DA4784A4-3005-4943-8B99-D9BF0DA527E2}
	EndProjectSection
EndProject
Global
	GlobalSection(SolutionConfigurationPlatforms) = preSolution
		Debug|x64 = Debug|x64
		Debug|x86 = Debug|x86
		Release|x64 = Release|x64
		Release|x86 = Release|x86
	EndGlobalSection
	GlobalSection(ProjectConfigurationPlatforms) = postSolution
		{DA4784A4-3005-4943-8B99-D9BF0DA527E2}.Debug|x64.ActiveCfg = Debug|x64
		{DA4784A4-3005-4943-8B99-D9BF0DA527E2}.Debug|x64.Build.0 = Debug|x64
		{DA4784A4-3005-4943-8B99-D9BF0DA527E2}.Debug|x86.ActiveCfg = Debug|Win32
		{DA4784A4-3005-4943-8B99-D9BF0DA527E2}.Debug|x86.Build.0 = Debug|Win32
		{DA4784A4-3005-4943-8B99-D9BF0DA527E2}.Release|x64.ActiveCfg = Release|x64
		{DA4784A4-3005-4943-8B99-D9BF0DA527E2}.Release|x64.Build.0 = Release|x64
		{DA4784A4-3005-4943-8B99-D9BF0DA527E2}.Release|x86.ActiveCfg = Release|Win32
		{DA4784A4-3005-4943-8B99-D9BF0DA527E2}.Release|x86.Build.0 = Release|Win32
		{243EA4B2-7B71-456D-99B7-DF53FC2E16C3}.Debug|x64.ActiveCfg = Debug|x64
		{243EA4B2-7B71-456D-99B7-DF53FC2E16C3}.Debug|x64.Build.0 = Debug|x64
		{243EA4B2-7B71-456D-99B7-DF53FC2E16C3}.Debug|x86.ActiveCfg = Debug|Win32
		{243EA4B2-7B71-456D-99B7-DF53FC2E16C3}.Debug|x86.Build.0 = Debug|Win32
		{243EA4B2-7B71-456D-99B7-DF53FC2E16C3}.Release|x64.ActiveCfg = Release|x64
		{243EA4B2-7B71-456D-99B7-DF53FC2E16C3}.Release|x64.Build.0 = Release|x64
		{243EA4B2-7B71-456D-99B7-DF53FC2E16C3}.Release|x86.ActiveCfg = Release|Win32
		{243EA4B2-7B71-456D-99B7-DF53FC2E16C3}.Release|x86.Build.0 = Release|Win32
	EndGlobalSection
	GlobalSection(SolutionProperties) = preSolution
		HideSolutionNode = FALSE
	EndGlobalSection
	GlobalSection(ExtensibilityGlobals) = postSolution
		SolutionGuid = {042F9B31-9157-454A-A31F-BF25B54E7D69}
	EndGlobalSection
EndGlobal
